// !$*UTF8*$!
{
	archiveVersion = 1;
	classes = {
	};
	objectVersion = 55;
	objects = {

/* Begin PBXBuildFile section */
		540C12CA29B6019900B34C30 /* MainView.swift in Sources */ = {isa = PBXBuildFile; fileRef = 540C12C929B6019900B34C30 /* MainView.swift */; };
		540C12CC29B60C4900B34C30 /* CheckoutView.swift in Sources */ = {isa = PBXBuildFile; fileRef = 540C12CB29B60C4900B34C30 /* CheckoutView.swift */; };
		54BF3C7629B457DD007CBC82 /* SwiftUIDemoApp.swift in Sources */ = {isa = PBXBuildFile; fileRef = 54BF3C7529B457DD007CBC82 /* SwiftUIDemoApp.swift */; };
		54BF3C7829B457DD007CBC82 /* ContentView.swift in Sources */ = {isa = PBXBuildFile; fileRef = 54BF3C7729B457DD007CBC82 /* ContentView.swift */; };
		54BF3C7A29B457DF007CBC82 /* Assets.xcassets in Resources */ = {isa = PBXBuildFile; fileRef = 54BF3C7929B457DF007CBC82 /* Assets.xcassets */; };
		54BF3C7D29B457DF007CBC82 /* Preview Assets.xcassets in Resources */ = {isa = PBXBuildFile; fileRef = 54BF3C7C29B457DF007CBC82 /* Preview Assets.xcassets */; };
		54E147C929B5A49B0015F096 /* menu.json in Resources */ = {isa = PBXBuildFile; fileRef = 54E147C829B5A49B0015F096 /* menu.json */; };
		54E147D329B5A4D50015F096 /* Menu.swift in Sources */ = {isa = PBXBuildFile; fileRef = 54E147D029B5A4D40015F096 /* Menu.swift */; };
		54E147D429B5A4D50015F096 /* Helper.swift in Sources */ = {isa = PBXBuildFile; fileRef = 54E147D129B5A4D40015F096 /* Helper.swift */; };
		54E147D529B5A4D50015F096 /* Order.swift in Sources */ = {isa = PBXBuildFile; fileRef = 54E147D229B5A4D40015F096 /* Order.swift */; };
		54E147D729B5B3110015F096 /* ItemRow.swift in Sources */ = {isa = PBXBuildFile; fileRef = 54E147D629B5B3110015F096 /* ItemRow.swift */; };
		54E147D929B5CA5F0015F096 /* ItemDetail.swift in Sources */ = {isa = PBXBuildFile; fileRef = 54E147D829B5CA5F0015F096 /* ItemDetail.swift */; };
		54E147DB29B5F75C0015F096 /* OrderView.swift in Sources */ = {isa = PBXBuildFile; fileRef = 54E147DA29B5F75C0015F096 /* OrderView.swift */; };
/* End PBXBuildFile section */

/* Begin PBXFileReference section */
		540C12C929B6019900B34C30 /* MainView.swift */ = {isa = PBXFileReference; lastKnownFileType = sourcecode.swift; path = MainView.swift; sourceTree = "<group>"; };
		540C12CB29B60C4900B34C30 /* CheckoutView.swift */ = {isa = PBXFileReference; lastKnownFileType = sourcecode.swift; path = CheckoutView.swift; sourceTree = "<group>"; };
		54BF3C7229B457DD007CBC82 /* SwiftUIDemo.app */ = {isa = PBXFileReference; explicitFileType = wrapper.application; includeInIndex = 0; path = SwiftUIDemo.app; sourceTree = BUILT_PRODUCTS_DIR; };
		54BF3C7529B457DD007CBC82 /* SwiftUIDemoApp.swift */ = {isa = PBXFileReference; lastKnownFileType = sourcecode.swift; path = SwiftUIDemoApp.swift; sourceTree = "<group>"; };
		54BF3C7729B457DD007CBC82 /* ContentView.swift */ = {isa = PBXFileReference; lastKnownFileType = sourcecode.swift; path = ContentView.swift; sourceTree = "<group>"; };
		54BF3C7929B457DF007CBC82 /* Assets.xcassets */ = {isa = PBXFileReference; lastKnownFileType = folder.assetcatalog; path = Assets.xcassets; sourceTree = "<group>"; };
		54BF3C7C29B457DF007CBC82 /* Preview Assets.xcassets */ = {isa = PBXFileReference; lastKnownFileType = folder.assetcatalog; path = "Preview Assets.xcassets"; sourceTree = "<group>"; };
		54E147C829B5A49B0015F096 /* menu.json */ = {isa = PBXFileReference; fileEncoding = 4; lastKnownFileType = text.json; path = menu.json; sourceTree = "<group>"; };
		54E147D029B5A4D40015F096 /* Menu.swift */ = {isa = PBXFileReference; fileEncoding = 4; lastKnownFileType = sourcecode.swift; path = Menu.swift; sourceTree = "<group>"; };
		54E147D129B5A4D40015F096 /* Helper.swift */ = {isa = PBXFileReference; fileEncoding = 4; lastKnownFileType = sourcecode.swift; path = Helper.swift; sourceTree = "<group>"; };
		54E147D229B5A4D40015F096 /* Order.swift */ = {isa = PBXFileReference; fileEncoding = 4; lastKnownFileType = sourcecode.swift; path = Order.swift; sourceTree = "<group>"; };
		54E147D629B5B3110015F096 /* ItemRow.swift */ = {isa = PBXFileReference; lastKnownFileType = sourcecode.swift; path = ItemRow.swift; sourceTree = "<group>"; };
		54E147D829B5CA5F0015F096 /* ItemDetail.swift */ = {isa = PBXFileReference; lastKnownFileType = sourcecode.swift; path = ItemDetail.swift; sourceTree = "<group>"; };
		54E147DA29B5F75C0015F096 /* OrderView.swift */ = {isa = PBXFileReference; lastKnownFileType = sourcecode.swift; path = OrderView.swift; sourceTree = "<group>"; };
/* End PBXFileReference section */

/* Begin PBXFrameworksBuildPhase section */
		54BF3C6F29B457DD007CBC82 /* Frameworks */ = {
			isa = PBXFrameworksBuildPhase;
			buildActionMask = 2147483647;
			files = (
			);
			runOnlyForDeploymentPostprocessing = 0;
		};
/* End PBXFrameworksBuildPhase section */

/* Begin PBXGroup section */
		54BF3C6929B457DD007CBC82 = {
			isa = PBXGroup;
			children = (
				54BF3C7429B457DD007CBC82 /* SwiftUIDemo */,
				54BF3C7329B457DD007CBC82 /* Products */,
			);
			sourceTree = "<group>";
		};
		54BF3C7329B457DD007CBC82 /* Products */ = {
			isa = PBXGroup;
			children = (
				54BF3C7229B457DD007CBC82 /* SwiftUIDemo.app */,
			);
			name = Products;
			sourceTree = "<group>";
		};
		54BF3C7429B457DD007CBC82 /* SwiftUIDemo */ = {
			isa = PBXGroup;
			children = (
				54E147D129B5A4D40015F096 /* Helper.swift */,
				54E147D029B5A4D40015F096 /* Menu.swift */,
				54E147D229B5A4D40015F096 /* Order.swift */,
				54E147C829B5A49B0015F096 /* menu.json */,
				54BF3C7529B457DD007CBC82 /* SwiftUIDemoApp.swift */,
				540C12CB29B60C4900B34C30 /* CheckoutView.swift */,
				54BF3C7729B457DD007CBC82 /* ContentView.swift */,
				54E147D829B5CA5F0015F096 /* ItemDetail.swift */,
				54E147DA29B5F75C0015F096 /* OrderView.swift */,
				540C12C929B6019900B34C30 /* MainView.swift */,
				54E147D629B5B3110015F096 /* ItemRow.swift */,
				54BF3C7929B457DF007CBC82 /* Assets.xcassets */,
				54BF3C7B29B457DF007CBC82 /* Preview Content */,
			);
			path = SwiftUIDemo;
			sourceTree = "<group>";
		};
		54BF3C7B29B457DF007CBC82 /* Preview Content */ = {
			isa = PBXGroup;
			children = (
				54BF3C7C29B457DF007CBC82 /* Preview Assets.xcassets */,
			);
			path = "Preview Content";
			sourceTree = "<group>";
		};
/* End PBXGroup section */

/* Begin PBXNativeTarget section */
		54BF3C7129B457DD007CBC82 /* SwiftUIDemo */ = {
			isa = PBXNativeTarget;
			buildConfigurationList = 54BF3C8029B457DF007CBC82 /* Build configuration list for PBXNativeTarget "SwiftUIDemo" */;
			buildPhases = (
				54BF3C6E29B457DD007CBC82 /* Sources */,
				54BF3C6F29B457DD007CBC82 /* Frameworks */,
				54BF3C7029B457DD007CBC82 /* Resources */,
			);
			buildRules = (
			);
			dependencies = (
			);
			name = SwiftUIDemo;
			productName = SwiftUIDemo;
			productReference = 54BF3C7229B457DD007CBC82 /* SwiftUIDemo.app */;
			productType = "com.apple.product-type.application";
		};
/* End PBXNativeTarget section */

/* Begin PBXProject section */
		54BF3C6A29B457DD007CBC82 /* Project object */ = {
			isa = PBXProject;
			attributes = {
				BuildIndependentTargetsInParallel = 1;
				LastSwiftUpdateCheck = 1420;
				LastUpgradeCheck = 1420;
				TargetAttributes = {
					54BF3C7129B457DD007CBC82 = {
						CreatedOnToolsVersion = 14.2;
					};
				};
			};
			buildConfigurationList = 54BF3C6D29B457DD007CBC82 /* Build configuration list for PBXProject "SwiftUIDemo" */;
			compatibilityVersion = "Xcode 13.0";
			developmentRegion = en;
			hasScannedForEncodings = 0;
			knownRegions = (
				en,
				Base,
			);
			mainGroup = 54BF3C6929B457DD007CBC82;
			productRefGroup = 54BF3C7329B457DD007CBC82 /* Products */;
			projectDirPath = "";
			projectRoot = "";
			targets = (
				54BF3C7129B457DD007CBC82 /* SwiftUIDemo */,
			);
		};
/* End PBXProject section */

/* Begin PBXResourcesBuildPhase section */
		54BF3C7029B457DD007CBC82 /* Resources */ = {
			isa = PBXResourcesBuildPhase;
			buildActionMask = 2147483647;
			files = (
				54E147C929B5A49B0015F096 /* menu.json in Resources */,
				54BF3C7D29B457DF007CBC82 /* Preview Assets.xcassets in Resources */,
				54BF3C7A29B457DF007CBC82 /* Assets.xcassets in Resources */,
			);
			runOnlyForDeploymentPostprocessing = 0;
		};
/* End PBXResourcesBuildPhase section */

/* Begin PBXSourcesBuildPhase section */
		54BF3C6E29B457DD007CBC82 /* Sources */ = {
			isa = PBXSourcesBuildPhase;
			buildActionMask = 2147483647;
			files = (
				54E147D929B5CA5F0015F096 /* ItemDetail.swift in Sources */,
				540C12CA29B6019900B34C30 /* MainView.swift in Sources */,
				540C12CC29B60C4900B34C30 /* CheckoutView.swift in Sources */,
				54E147DB29B5F75C0015F096 /* OrderView.swift in Sources */,
				54E147D329B5A4D50015F096 /* Menu.swift in Sources */,
				54E147D429B5A4D50015F096 /* Helper.swift in Sources */,
				54E147D529B5A4D50015F096 /* Order.swift in Sources */,
				54E147D729B5B3110015F096 /* ItemRow.swift in Sources */,
				54BF3C7829B457DD007CBC82 /* ContentView.swift in Sources */,
				54BF3C7629B457DD007CBC82 /* SwiftUIDemoApp.swift in Sources */,
			);
			runOnlyForDeploymentPostprocessing = 0;
		};
/* End PBXSourcesBuildPhase section */

/* Begin XCBuildConfiguration section */
		54BF3C7E29B457DF007CBC82 /* Debug */ = {
			isa = XCBuildConfiguration;
			buildSettings = {
				ALWAYS_SEARCH_USER_PATHS = NO;
				CLANG_ANALYZER_NONNULL = YES;
				CLANG_ANALYZER_NUMBER_OBJECT_CONVERSION = YES_AGGRESSIVE;
				CLANG_CXX_LANGUAGE_STANDARD = "gnu++20";
				CLANG_ENABLE_MODULES = YES;
				CLANG_ENABLE_OBJC_ARC = YES;
				CLANG_ENABLE_OBJC_WEAK = YES;
				CLANG_WARN_BLOCK_CAPTURE_AUTORELEASING = YES;
				CLANG_WARN_BOOL_CONVERSION = YES;
				CLANG_WARN_COMMA = YES;
				CLANG_WARN_CONSTANT_CONVERSION = YES;
				CLANG_WARN_DEPRECATED_OBJC_IMPLEMENTATIONS = YES;
				CLANG_WARN_DIRECT_OBJC_ISA_USAGE = YES_ERROR;
				CLANG_WARN_DOCUMENTATION_COMMENTS = YES;
				CLANG_WARN_EMPTY_BODY = YES;
				CLANG_WARN_ENUM_CONVERSION = YES;
				CLANG_WARN_INFINITE_RECURSION = YES;
				CLANG_WARN_INT_CONVERSION = YES;
				CLANG_WARN_NON_LITERAL_NULL_CONVERSION = YES;
				CLANG_WARN_OBJC_IMPLICIT_RETAIN_SELF = YES;
				CLANG_WARN_OBJC_LITERAL_CONVERSION = YES;
				CLANG_WARN_OBJC_ROOT_CLASS = YES_ERROR;
				CLANG_WARN_QUOTED_INCLUDE_IN_FRAMEWORK_HEADER = YES;
				CLANG_WARN_RANGE_LOOP_ANALYSIS = YES;
				CLANG_WARN_STRICT_PROTOTYPES = YES;
				CLANG_WARN_SUSPICIOUS_MOVE = YES;
				CLANG_WARN_UNGUARDED_AVAILABILITY = YES_AGGRESSIVE;
				CLANG_WARN_UNREACHABLE_CODE = YES;
				CLANG_WARN__DUPLICATE_METHOD_MATCH = YES;
				COPY_PHASE_STRIP = NO;
				DEBUG_INFORMATION_FORMAT = dwarf;
				ENABLE_STRICT_OBJC_MSGSEND = YES;
				ENABLE_TESTABILITY = YES;
				GCC_C_LANGUAGE_STANDARD = gnu11;
				GCC_DYNAMIC_NO_PIC = NO;
				GCC_NO_COMMON_BLOCKS = YES;
				GCC_OPTIMIZATION_LEVEL = 0;
				GCC_PREPROCESSOR_DEFINITIONS = (
					"DEBUG=1",
					"$(inherited)",
				);
				GCC_WARN_64_TO_32_BIT_CONVERSION = YES;
				GCC_WARN_ABOUT_RETURN_TYPE = YES_ERROR;
				GCC_WARN_UNDECLARED_SELECTOR = YES;
				GCC_WARN_UNINITIALIZED_AUTOS = YES_AGGRESSIVE;
				GCC_WARN_UNUSED_FUNCTION = YES;
				GCC_WARN_UNUSED_VARIABLE = YES;
				IPHONEOS_DEPLOYMENT_TARGET = 16.2;
				MTL_ENABLE_DEBUG_INFO = INCLUDE_SOURCE;
				MTL_FAST_MATH = YES;
				ONLY_ACTIVE_ARCH = YES;
				SDKROOT = iphoneos;
				SWIFT_ACTIVE_COMPILATION_CONDITIONS = DEBUG;
				SWIFT_OPTIMIZATION_LEVEL = "-Onone";
			};
			name = Debug;
		};
		54BF3C7F29B457DF007CBC82 /* Release */ = {
			isa = XCBuildConfiguration;
			buildSettings = {
				ALWAYS_SEARCH_USER_PATHS = NO;
				CLANG_ANALYZER_NONNULL = YES;
				CLANG_ANALYZER_NUMBER_OBJECT_CONVERSION = YES_AGGRESSIVE;
				CLANG_CXX_LANGUAGE_STANDARD = "gnu++20";
				CLANG_ENABLE_MODULES = YES;
				CLANG_ENABLE_OBJC_ARC = YES;
				CLANG_ENABLE_OBJC_WEAK = YES;
				CLANG_WARN_BLOCK_CAPTURE_AUTORELEASING = YES;
				CLANG_WARN_BOOL_CONVERSION = YES;
				CLANG_WARN_COMMA = YES;
				CLANG_WARN_CONSTANT_CONVERSION = YES;
				CLANG_WARN_DEPRECATED_OBJC_IMPLEMENTATIONS = YES;
				CLANG_WARN_DIRECT_OBJC_ISA_USAGE = YES_ERROR;
				CLANG_WARN_DOCUMENTATION_COMMENTS = YES;
				CLANG_WARN_EMPTY_BODY = YES;
				CLANG_WARN_ENUM_CONVERSION = YES;
				CLANG_WARN_INFINITE_RECURSION = YES;
				CLANG_WARN_INT_CONVERSION = YES;
				CLANG_WARN_NON_LITERAL_NULL_CONVERSION = YES;
				CLANG_WARN_OBJC_IMPLICIT_RETAIN_SELF = YES;
				CLANG_WARN_OBJC_LITERAL_CONVERSION = YES;
				CLANG_WARN_OBJC_ROOT_CLASS = YES_ERROR;
				CLANG_WARN_QUOTED_INCLUDE_IN_FRAMEWORK_HEADER = YES;
				CLANG_WARN_RANGE_LOOP_ANALYSIS = YES;
				CLANG_WARN_STRICT_PROTOTYPES = YES;
				CLANG_WARN_SUSPICIOUS_MOVE = YES;
				CLANG_WARN_UNGUARDED_AVAILABILITY = YES_AGGRESSIVE;
				CLANG_WARN_UNREACHABLE_CODE = YES;
				CLANG_WARN__DUPLICATE_METHOD_MATCH = YES;
				COPY_PHASE_STRIP = NO;
				DEBUG_INFORMATION_FORMAT = "dwarf-with-dsym";
				ENABLE_NS_ASSERTIONS = NO;
				ENABLE_STRICT_OBJC_MSGSEND = YES;
				GCC_C_LANGUAGE_STANDARD = gnu11;
				GCC_NO_COMMON_BLOCKS = YES;
				GCC_WARN_64_TO_32_BIT_CONVERSION = YES;
				GCC_WARN_ABOUT_RETURN_TYPE = YES_ERROR;
				GCC_WARN_UNDECLARED_SELECTOR = YES;
				GCC_WARN_UNINITIALIZED_AUTOS = YES_AGGRESSIVE;
				GCC_WARN_UNUSED_FUNCTION = YES;
				GCC_WARN_UNUSED_VARIABLE = YES;
				IPHONEOS_DEPLOYMENT_TARGET = 16.2;
				MTL_ENABLE_DEBUG_INFO = NO;
				MTL_FAST_MATH = YES;
				SDKROOT = iphoneos;
				SWIFT_COMPILATION_MODE = wholemodule;
				SWIFT_OPTIMIZATION_LEVEL = "-O";
				VALIDATE_PRODUCT = YES;
			};
			name = Release;
		};
		54BF3C8129B457DF007CBC82 /* Debug */ = {
			isa = XCBuildConfiguration;
			buildSettings = {
				ASSETCATALOG_COMPILER_APPICON_NAME = AppIcon;
				ASSETCATALOG_COMPILER_GLOBAL_ACCENT_COLOR_NAME = AccentColor;
				CODE_SIGN_STYLE = Automatic;
				CURRENT_PROJECT_VERSION = 1;
				DEVELOPMENT_ASSET_PATHS = "\"SwiftUIDemo/Preview Content\"";
				DEVELOPMENT_TEAM = 859H7TTM34;
				ENABLE_PREVIEWS = YES;
				GENERATE_INFOPLIST_FILE = YES;
				INFOPLIST_KEY_UIApplicationSceneManifest_Generation = YES;
				INFOPLIST_KEY_UIApplicationSupportsIndirectInputEvents = YES;
				INFOPLIST_KEY_UILaunchScreen_Generation = YES;
				INFOPLIST_KEY_UISupportedInterfaceOrientations = UIInterfaceOrientationPortrait;
				IPHONEOS_DEPLOYMENT_TARGET = 14.0;
				LD_RUNPATH_SEARCH_PATHS = (
					"$(inherited)",
					"@executable_path/Frameworks",
				);
				MARKETING_VERSION = 1.0;
				PRODUCT_BUNDLE_IDENTIFIER = com.app.demotest.SwiftUIDemo;
				PRODUCT_NAME = "$(TARGET_NAME)";
				SWIFT_EMIT_LOC_STRINGS = YES;
				SWIFT_VERSION = 5.0;
				TARGETED_DEVICE_FAMILY = "1,2";
			};
			name = Debug;
		};
		54BF3C8229B457DF007CBC82 /* Release */ = {
			isa = XCBuildConfiguration;
			buildSettings = {
				ASSETCATALOG_COMPILER_APPICON_NAME = AppIcon;
				ASSETCATALOG_COMPILER_GLOBAL_ACCENT_COLOR_NAME = AccentColor;
				CODE_SIGN_STYLE = Automatic;
				CURRENT_PROJECT_VERSION = 1;
				DEVELOPMENT_ASSET_PATHS = "\"SwiftUIDemo/Preview Content\"";
				DEVELOPMENT_TEAM = 859H7TTM34;
				ENABLE_PREVIEWS = YES;
				GENERATE_INFOPLIST_FILE = YES;
				INFOPLIST_KEY_UIApplicationSceneManifest_Generation = YES;
				INFOPLIST_KEY_UIApplicationSupportsIndirectInputEvents = YES;
				INFOPLIST_KEY_UILaunchScreen_Generation = YES;
				INFOPLIST_KEY_UISupportedInterfaceOrientations = UIInterfaceOrientationPortrait;
				IPHONEOS_DEPLOYMENT_TARGET = 14.0;
				LD_RUNPATH_SEARCH_PATHS = (
					"$(inherited)",
					"@executable_path/Frameworks",
				);
				MARKETING_VERSION = 1.0;
				PRODUCT_BUNDLE_IDENTIFIER = com.app.demotest.SwiftUIDemo;
				PRODUCT_NAME = "$(TARGET_NAME)";
				SWIFT_EMIT_LOC_STRINGS = YES;
				SWIFT_VERSION = 5.0;
				TARGETED_DEVICE_FAMILY = "1,2";
			};
			name = Release;
		};
/* End XCBuildConfiguration section */

/* Begin XCConfigurationList section */
		54BF3C6D29B457DD007CBC82 /* Build configuration list for PBXProject "SwiftUIDemo" */ = {
			isa = XCConfigurationList;
			buildConfigurations = (
				54BF3C7E29B457DF007CBC82 /* Debug */,
				54BF3C7F29B457DF007CBC82 /* Release */,
			);
			defaultConfigurationIsVisible = 0;
			defaultConfigurationName = Release;
		};
		54BF3C8029B457DF007CBC82 /* Build configuration list for PBXNativeTarget "SwiftUIDemo" */ = {
			isa = XCConfigurationList;
			buildConfigurations = (
				54BF3C8129B457DF007CBC82 /* Debug */,
				54BF3C8229B457DF007CBC82 /* Release */,
			);
			defaultConfigurationIsVisible = 0;
			defaultConfigurationName = Release;
		};
/* End XCConfigurationList section */
	};
	rootObject = 54BF3C6A29B457DD007CBC82 /* Project object */;
}
